// !$*UTF8*$!
{
	archiveVersion = 1;
	classes = {
	};
	objectVersion = 46;
	objects = {

/* Begin PBXBuildFile section */
		BA552D9B1D71EEAA000AFA32 /* AppDelegate.swift in Sources */ = {isa = PBXBuildFile; fileRef = BA552D9A1D71EEAA000AFA32 /* AppDelegate.swift */; };
		BA552DA01D71EEAA000AFA32 /* Main.storyboard in Resources */ = {isa = PBXBuildFile; fileRef = BA552D9E1D71EEAA000AFA32 /* Main.storyboard */; };
		BA552DA21D71EEAA000AFA32 /* Assets.xcassets in Resources */ = {isa = PBXBuildFile; fileRef = BA552DA11D71EEAA000AFA32 /* Assets.xcassets */; };
		BA552DA51D71EEAA000AFA32 /* LaunchScreen.storyboard in Resources */ = {isa = PBXBuildFile; fileRef = BA552DA31D71EEAA000AFA32 /* LaunchScreen.storyboard */; };
		BA552DB01D71EEAA000AFA32 /* Clothing_SizesTests.swift in Sources */ = {isa = PBXBuildFile; fileRef = BA552DAF1D71EEAA000AFA32 /* Clothing_SizesTests.swift */; };
		BA552DBB1D71EF24000AFA32 /* Person.swift in Sources */ = {isa = PBXBuildFile; fileRef = BA552DBA1D71EF24000AFA32 /* Person.swift */; };
		BA552DBD1D71F23B000AFA32 /* PersonsTableVC.swift in Sources */ = {isa = PBXBuildFile; fileRef = BA552DBC1D71F23B000AFA32 /* PersonsTableVC.swift */; };
		BA552DC01D71FC36000AFA32 /* PeopleCell.swift in Sources */ = {isa = PBXBuildFile; fileRef = BA552DBF1D71FC36000AFA32 /* PeopleCell.swift */; };
		C635D97A7E7DCA47080E3ECE /* Pods_Clothing_SizesTests.framework in Frameworks */ = {isa = PBXBuildFile; fileRef = 7B1D2177CB262714AD3F8510 /* Pods_Clothing_SizesTests.framework */; };
		E888AD592B9CC4EEEE45C98D /* Pods_Clothing_Sizes.framework in Frameworks */ = {isa = PBXBuildFile; fileRef = 21506AC479EC05C69BF2CCF6 /* Pods_Clothing_Sizes.framework */; };
/* End PBXBuildFile section */

/* Begin PBXContainerItemProxy section */
		BA552DAC1D71EEAA000AFA32 /* PBXContainerItemProxy */ = {
			isa = PBXContainerItemProxy;
			containerPortal = BA552D8F1D71EEAA000AFA32 /* Project object */;
			proxyType = 1;
			remoteGlobalIDString = BA552D961D71EEAA000AFA32;
			remoteInfo = "Clothing-Sizes";
		};
/* End PBXContainerItemProxy section */

/* Begin PBXFileReference section */
		1516287436436753D9E91EFC /* Pods-Clothing-Sizes.release.xcconfig */ = {isa = PBXFileReference; includeInIndex = 1; lastKnownFileType = text.xcconfig; name = "Pods-Clothing-Sizes.release.xcconfig"; path = "Pods/Target Support Files/Pods-Clothing-Sizes/Pods-Clothing-Sizes.release.xcconfig"; sourceTree = "<group>"; };
		21506AC479EC05C69BF2CCF6 /* Pods_Clothing_Sizes.framework */ = {isa = PBXFileReference; explicitFileType = wrapper.framework; includeInIndex = 0; path = Pods_Clothing_Sizes.framework; sourceTree = BUILT_PRODUCTS_DIR; };
		5E1FE750213B86D94E361E62 /* Pods-Clothing-SizesTests.debug.xcconfig */ = {isa = PBXFileReference; includeInIndex = 1; lastKnownFileType = text.xcconfig; name = "Pods-Clothing-SizesTests.debug.xcconfig"; path = "Pods/Target Support Files/Pods-Clothing-SizesTests/Pods-Clothing-SizesTests.debug.xcconfig"; sourceTree = "<group>"; };
		7B1D2177CB262714AD3F8510 /* Pods_Clothing_SizesTests.framework */ = {isa = PBXFileReference; explicitFileType = wrapper.framework; includeInIndex = 0; path = Pods_Clothing_SizesTests.framework; sourceTree = BUILT_PRODUCTS_DIR; };
		BA552D971D71EEAA000AFA32 /* Clothing-Sizes.app */ = {isa = PBXFileReference; explicitFileType = wrapper.application; includeInIndex = 0; path = "Clothing-Sizes.app"; sourceTree = BUILT_PRODUCTS_DIR; };
		BA552D9A1D71EEAA000AFA32 /* AppDelegate.swift */ = {isa = PBXFileReference; lastKnownFileType = sourcecode.swift; path = AppDelegate.swift; sourceTree = "<group>"; };
		BA552D9F1D71EEAA000AFA32 /* Base */ = {isa = PBXFileReference; lastKnownFileType = file.storyboard; name = Base; path = Base.lproj/Main.storyboard; sourceTree = "<group>"; };
		BA552DA11D71EEAA000AFA32 /* Assets.xcassets */ = {isa = PBXFileReference; lastKnownFileType = folder.assetcatalog; path = Assets.xcassets; sourceTree = "<group>"; };
		BA552DA41D71EEAA000AFA32 /* Base */ = {isa = PBXFileReference; lastKnownFileType = file.storyboard; name = Base; path = Base.lproj/LaunchScreen.storyboard; sourceTree = "<group>"; };
		BA552DA61D71EEAA000AFA32 /* Info.plist */ = {isa = PBXFileReference; lastKnownFileType = text.plist.xml; path = Info.plist; sourceTree = "<group>"; };
		BA552DAB1D71EEAA000AFA32 /* Clothing-SizesTests.xctest */ = {isa = PBXFileReference; explicitFileType = wrapper.cfbundle; includeInIndex = 0; path = "Clothing-SizesTests.xctest"; sourceTree = BUILT_PRODUCTS_DIR; };
		BA552DAF1D71EEAA000AFA32 /* Clothing_SizesTests.swift */ = {isa = PBXFileReference; lastKnownFileType = sourcecode.swift; path = Clothing_SizesTests.swift; sourceTree = "<group>"; };
		BA552DB11D71EEAA000AFA32 /* Info.plist */ = {isa = PBXFileReference; lastKnownFileType = text.plist.xml; path = Info.plist; sourceTree = "<group>"; };
		BA552DBA1D71EF24000AFA32 /* Person.swift */ = {isa = PBXFileReference; fileEncoding = 4; lastKnownFileType = sourcecode.swift; path = Person.swift; sourceTree = "<group>"; };
		BA552DBC1D71F23B000AFA32 /* PersonsTableVC.swift */ = {isa = PBXFileReference; fileEncoding = 4; lastKnownFileType = sourcecode.swift; path = PersonsTableVC.swift; sourceTree = "<group>"; };
		BA552DBF1D71FC36000AFA32 /* PeopleCell.swift */ = {isa = PBXFileReference; fileEncoding = 4; lastKnownFileType = sourcecode.swift; path = PeopleCell.swift; sourceTree = "<group>"; };
		DCB923A09ADD42258BA632FB /* Pods-Clothing-SizesTests.release.xcconfig */ = {isa = PBXFileReference; includeInIndex = 1; lastKnownFileType = text.xcconfig; name = "Pods-Clothing-SizesTests.release.xcconfig"; path = "Pods/Target Support Files/Pods-Clothing-SizesTests/Pods-Clothing-SizesTests.release.xcconfig"; sourceTree = "<group>"; };
		E6F41E89A1E4F5C38E676823 /* Pods-Clothing-Sizes.debug.xcconfig */ = {isa = PBXFileReference; includeInIndex = 1; lastKnownFileType = text.xcconfig; name = "Pods-Clothing-Sizes.debug.xcconfig"; path = "Pods/Target Support Files/Pods-Clothing-Sizes/Pods-Clothing-Sizes.debug.xcconfig"; sourceTree = "<group>"; };
/* End PBXFileReference section */

/* Begin PBXFrameworksBuildPhase section */
		BA552D941D71EEAA000AFA32 /* Frameworks */ = {
			isa = PBXFrameworksBuildPhase;
			buildActionMask = 2147483647;
			files = (
				E888AD592B9CC4EEEE45C98D /* Pods_Clothing_Sizes.framework in Frameworks */,
			);
			runOnlyForDeploymentPostprocessing = 0;
		};
		BA552DA81D71EEAA000AFA32 /* Frameworks */ = {
			isa = PBXFrameworksBuildPhase;
			buildActionMask = 2147483647;
			files = (
				C635D97A7E7DCA47080E3ECE /* Pods_Clothing_SizesTests.framework in Frameworks */,
			);
			runOnlyForDeploymentPostprocessing = 0;
		};
/* End PBXFrameworksBuildPhase section */

/* Begin PBXGroup section */
		8404217731B886C9A617FFF5 /* Pods */ = {
			isa = PBXGroup;
			children = (
				E6F41E89A1E4F5C38E676823 /* Pods-Clothing-Sizes.debug.xcconfig */,
				1516287436436753D9E91EFC /* Pods-Clothing-Sizes.release.xcconfig */,
				5E1FE750213B86D94E361E62 /* Pods-Clothing-SizesTests.debug.xcconfig */,
				DCB923A09ADD42258BA632FB /* Pods-Clothing-SizesTests.release.xcconfig */,
			);
			name = Pods;
			sourceTree = "<group>";
		};
		AE9C01BD05C0F73F49424D3A /* Frameworks */ = {
			isa = PBXGroup;
			children = (
				21506AC479EC05C69BF2CCF6 /* Pods_Clothing_Sizes.framework */,
				7B1D2177CB262714AD3F8510 /* Pods_Clothing_SizesTests.framework */,
			);
			name = Frameworks;
			sourceTree = "<group>";
		};
		BA552D8E1D71EEAA000AFA32 = {
			isa = PBXGroup;
			children = (
				BA552D991D71EEAA000AFA32 /* Clothing-Sizes */,
				BA552DAE1D71EEAA000AFA32 /* Clothing-SizesTests */,
				BA552D981D71EEAA000AFA32 /* Products */,
				8404217731B886C9A617FFF5 /* Pods */,
				AE9C01BD05C0F73F49424D3A /* Frameworks */,
			);
			sourceTree = "<group>";
		};
		BA552D981D71EEAA000AFA32 /* Products */ = {
			isa = PBXGroup;
			children = (
				BA552D971D71EEAA000AFA32 /* Clothing-Sizes.app */,
				BA552DAB1D71EEAA000AFA32 /* Clothing-SizesTests.xctest */,
			);
			name = Products;
			sourceTree = "<group>";
		};
		BA552D991D71EEAA000AFA32 /* Clothing-Sizes */ = {
			isa = PBXGroup;
			children = (
				BA552DBE1D71F271000AFA32 /* Model */,
				BA552DC11D7205E0000AFA32 /* View */,
				BA552DA11D71EEAA000AFA32 /* Assets.xcassets */,
				BA552D9A1D71EEAA000AFA32 /* AppDelegate.swift */,
				BA552D9E1D71EEAA000AFA32 /* Main.storyboard */,
				BA552DA31D71EEAA000AFA32 /* LaunchScreen.storyboard */,
				BA552DA61D71EEAA000AFA32 /* Info.plist */,
			);
			path = "Clothing-Sizes";
			sourceTree = "<group>";
		};
		BA552DAE1D71EEAA000AFA32 /* Clothing-SizesTests */ = {
			isa = PBXGroup;
			children = (
				BA552DAF1D71EEAA000AFA32 /* Clothing_SizesTests.swift */,
				BA552DB11D71EEAA000AFA32 /* Info.plist */,
			);
			path = "Clothing-SizesTests";
			sourceTree = "<group>";
		};
		BA552DBE1D71F271000AFA32 /* Model */ = {
			isa = PBXGroup;
			children = (
				BA552DBA1D71EF24000AFA32 /* Person.swift */,
			);
			name = Model;
			sourceTree = "<group>";
		};
		BA552DC11D7205E0000AFA32 /* View */ = {
			isa = PBXGroup;
			children = (
				BA552DBC1D71F23B000AFA32 /* PersonsTableVC.swift */,
				BA552DBF1D71FC36000AFA32 /* PeopleCell.swift */,
			);
			name = View;
			sourceTree = "<group>";
		};
/* End PBXGroup section */

/* Begin PBXNativeTarget section */
		BA552D961D71EEAA000AFA32 /* Clothing-Sizes */ = {
			isa = PBXNativeTarget;
			buildConfigurationList = BA552DB41D71EEAA000AFA32 /* Build configuration list for PBXNativeTarget "Clothing-Sizes" */;
			buildPhases = (
				BE2B593A968E59F822A64C96 /* [CP] Check Pods Manifest.lock */,
				BA552D931D71EEAA000AFA32 /* Sources */,
				BA552D941D71EEAA000AFA32 /* Frameworks */,
				BA552D951D71EEAA000AFA32 /* Resources */,
				8411438F64E2BDADDC350734 /* [CP] Embed Pods Frameworks */,
				8A641FB9CF0A38A922223436 /* [CP] Copy Pods Resources */,
			);
			buildRules = (
			);
			dependencies = (
			);
			name = "Clothing-Sizes";
			productName = "Clothing-Sizes";
			productReference = BA552D971D71EEAA000AFA32 /* Clothing-Sizes.app */;
			productType = "com.apple.product-type.application";
		};
		BA552DAA1D71EEAA000AFA32 /* Clothing-SizesTests */ = {
			isa = PBXNativeTarget;
			buildConfigurationList = BA552DB71D71EEAA000AFA32 /* Build configuration list for PBXNativeTarget "Clothing-SizesTests" */;
			buildPhases = (
				4636D1E2B47BB152D373A0C3 /* [CP] Check Pods Manifest.lock */,
				BA552DA71D71EEAA000AFA32 /* Sources */,
				BA552DA81D71EEAA000AFA32 /* Frameworks */,
				BA552DA91D71EEAA000AFA32 /* Resources */,
				C9E293D019915621F0BB56BD /* [CP] Embed Pods Frameworks */,
				6D72FB2B4A2BEA67825C6927 /* [CP] Copy Pods Resources */,
			);
			buildRules = (
			);
			dependencies = (
				BA552DAD1D71EEAA000AFA32 /* PBXTargetDependency */,
			);
			name = "Clothing-SizesTests";
			productName = "Clothing-SizesTests";
			productReference = BA552DAB1D71EEAA000AFA32 /* Clothing-SizesTests.xctest */;
			productType = "com.apple.product-type.bundle.unit-test";
		};
/* End PBXNativeTarget section */

/* Begin PBXProject section */
		BA552D8F1D71EEAA000AFA32 /* Project object */ = {
			isa = PBXProject;
			attributes = {
				LastSwiftUpdateCheck = 0730;
				LastUpgradeCheck = 0730;
				ORGANIZATIONNAME = "Matthew Curtner";
				TargetAttributes = {
					BA552D961D71EEAA000AFA32 = {
						CreatedOnToolsVersion = 7.3.1;
					};
					BA552DAA1D71EEAA000AFA32 = {
						CreatedOnToolsVersion = 7.3.1;
						TestTargetID = BA552D961D71EEAA000AFA32;
					};
				};
			};
			buildConfigurationList = BA552D921D71EEAA000AFA32 /* Build configuration list for PBXProject "Clothing-Sizes" */;
			compatibilityVersion = "Xcode 3.2";
			developmentRegion = English;
			hasScannedForEncodings = 0;
			knownRegions = (
				en,
				Base,
			);
			mainGroup = BA552D8E1D71EEAA000AFA32;
			productRefGroup = BA552D981D71EEAA000AFA32 /* Products */;
			projectDirPath = "";
			projectRoot = "";
			targets = (
				BA552D961D71EEAA000AFA32 /* Clothing-Sizes */,
				BA552DAA1D71EEAA000AFA32 /* Clothing-SizesTests */,
			);
		};
/* End PBXProject section */

/* Begin PBXResourcesBuildPhase section */
		BA552D951D71EEAA000AFA32 /* Resources */ = {
			isa = PBXResourcesBuildPhase;
			buildActionMask = 2147483647;
			files = (
				BA552DA51D71EEAA000AFA32 /* LaunchScreen.storyboard in Resources */,
				BA552DA21D71EEAA000AFA32 /* Assets.xcassets in Resources */,
				BA552DA01D71EEAA000AFA32 /* Main.storyboard in Resources */,
			);
			runOnlyForDeploymentPostprocessing = 0;
		};
		BA552DA91D71EEAA000AFA32 /* Resources */ = {
			isa = PBXResourcesBuildPhase;
			buildActionMask = 2147483647;
			files = (
			);
			runOnlyForDeploymentPostprocessing = 0;
		};
/* End PBXResourcesBuildPhase section */

/* Begin PBXShellScriptBuildPhase section */
		4636D1E2B47BB152D373A0C3 /* [CP] Check Pods Manifest.lock */ = {
			isa = PBXShellScriptBuildPhase;
			buildActionMask = 2147483647;
			files = (
			);
			inputPaths = (
			);
			name = "[CP] Check Pods Manifest.lock";
			outputPaths = (
			);
			runOnlyForDeploymentPostprocessing = 0;
			shellPath = /bin/sh;
			shellScript = "diff \"${PODS_ROOT}/../Podfile.lock\" \"${PODS_ROOT}/Manifest.lock\" > /dev/null\nif [ $? != 0 ] ; then\n    # print error to STDERR\n    echo \"error: The sandbox is not in sync with the Podfile.lock. Run 'pod install' or update your CocoaPods installation.\" >&2\n    exit 1\nfi\n";
			showEnvVarsInLog = 0;
		};
		6D72FB2B4A2BEA67825C6927 /* [CP] Copy Pods Resources */ = {
			isa = PBXShellScriptBuildPhase;
			buildActionMask = 2147483647;
			files = (
			);
			inputPaths = (
			);
			name = "[CP] Copy Pods Resources";
			outputPaths = (
			);
			runOnlyForDeploymentPostprocessing = 0;
			shellPath = /bin/sh;
			shellScript = "\"${SRCROOT}/Pods/Target Support Files/Pods-Clothing-SizesTests/Pods-Clothing-SizesTests-resources.sh\"\n";
			showEnvVarsInLog = 0;
		};
		8411438F64E2BDADDC350734 /* [CP] Embed Pods Frameworks */ = {
			isa = PBXShellScriptBuildPhase;
			buildActionMask = 2147483647;
			files = (
			);
			inputPaths = (
			);
			name = "[CP] Embed Pods Frameworks";
			outputPaths = (
			);
			runOnlyForDeploymentPostprocessing = 0;
			shellPath = /bin/sh;
			shellScript = "\"${SRCROOT}/Pods/Target Support Files/Pods-Clothing-Sizes/Pods-Clothing-Sizes-frameworks.sh\"\n";
			showEnvVarsInLog = 0;
		};
		8A641FB9CF0A38A922223436 /* [CP] Copy Pods Resources */ = {
			isa = PBXShellScriptBuildPhase;
			buildActionMask = 2147483647;
			files = (
			);
			inputPaths = (
			);
			name = "[CP] Copy Pods Resources";
			outputPaths = (
			);
			runOnlyForDeploymentPostprocessing = 0;
			shellPath = /bin/sh;
			shellScript = "\"${SRCROOT}/Pods/Target Support Files/Pods-Clothing-Sizes/Pods-Clothing-Sizes-resources.sh\"\n";
			showEnvVarsInLog = 0;
		};
		BE2B593A968E59F822A64C96 /* [CP] Check Pods Manifest.lock */ = {
			isa = PBXShellScriptBuildPhase;
			buildActionMask = 2147483647;
			files = (
			);
			inputPaths = (
			);
			name = "[CP] Check Pods Manifest.lock";
			outputPaths = (
			);
			runOnlyForDeploymentPostprocessing = 0;
			shellPath = /bin/sh;
			shellScript = "diff \"${PODS_ROOT}/../Podfile.lock\" \"${PODS_ROOT}/Manifest.lock\" > /dev/null\nif [ $? != 0 ] ; then\n    # print error to STDERR\n    echo \"error: The sandbox is not in sync with the Podfile.lock. Run 'pod install' or update your CocoaPods installation.\" >&2\n    exit 1\nfi\n";
			showEnvVarsInLog = 0;
		};
		C9E293D019915621F0BB56BD /* [CP] Embed Pods Frameworks */ = {
			isa = PBXShellScriptBuildPhase;
			buildActionMask = 2147483647;
			files = (
			);
			inputPaths = (
			);
			name = "[CP] Embed Pods Frameworks";
			outputPaths = (
			);
			runOnlyForDeploymentPostprocessing = 0;
			shellPath = /bin/sh;
			shellScript = "\"${SRCROOT}/Pods/Target Support Files/Pods-Clothing-SizesTests/Pods-Clothing-SizesTests-frameworks.sh\"\n";
			showEnvVarsInLog = 0;
		};
/* End PBXShellScriptBuildPhase section */

/* Begin PBXSourcesBuildPhase section */
		BA552D931D71EEAA000AFA32 /* Sources */ = {
			isa = PBXSourcesBuildPhase;
			buildActionMask = 2147483647;
			files = (
				BA552DC01D71FC36000AFA32 /* PeopleCell.swift in Sources */,
				BA552DBB1D71EF24000AFA32 /* Person.swift in Sources */,
				BA552D9B1D71EEAA000AFA32 /* AppDelegate.swift in Sources */,
				BA552DBD1D71F23B000AFA32 /* PersonsTableVC.swift in Sources */,
			);
			runOnlyForDeploymentPostprocessing = 0;
		};
		BA552DA71D71EEAA000AFA32 /* Sources */ = {
			isa = PBXSourcesBuildPhase;
			buildActionMask = 2147483647;
			files = (
				BA552DB01D71EEAA000AFA32 /* Clothing_SizesTests.swift in Sources */,
			);
			runOnlyForDeploymentPostprocessing = 0;
		};
/* End PBXSourcesBuildPhase section */

/* Begin PBXTargetDependency section */
		BA552DAD1D71EEAA000AFA32 /* PBXTargetDependency */ = {
			isa = PBXTargetDependency;
			target = BA552D961D71EEAA000AFA32 /* Clothing-Sizes */;
			targetProxy = BA552DAC1D71EEAA000AFA32 /* PBXContainerItemProxy */;
		};
/* End PBXTargetDependency section */

/* Begin PBXVariantGroup section */
		BA552D9E1D71EEAA000AFA32 /* Main.storyboard */ = {
			isa = PBXVariantGroup;
			children = (
				BA552D9F1D71EEAA000AFA32 /* Base */,
			);
			name = Main.storyboard;
			sourceTree = "<group>";
		};
		BA552DA31D71EEAA000AFA32 /* LaunchScreen.storyboard */ = {
			isa = PBXVariantGroup;
			children = (
				BA552DA41D71EEAA000AFA32 /* Base */,
			);
			name = LaunchScreen.storyboard;
			sourceTree = "<group>";
		};
/* End PBXVariantGroup section */

/* Begin XCBuildConfiguration section */
		BA552DB21D71EEAA000AFA32 /* Debug */ = {
			isa = XCBuildConfiguration;
			buildSettings = {
				ALWAYS_SEARCH_USER_PATHS = NO;
				CLANG_ANALYZER_NONNULL = YES;
				CLANG_CXX_LANGUAGE_STANDARD = "gnu++0x";
				CLANG_CXX_LIBRARY = "libc++";
				CLANG_ENABLE_MODULES = YES;
				CLANG_ENABLE_OBJC_ARC = YES;
				CLANG_WARN_BOOL_CONVERSION = YES;
				CLANG_WARN_CONSTANT_CONVERSION = YES;
				CLANG_WARN_DIRECT_OBJC_ISA_USAGE = YES_ERROR;
				CLANG_WARN_EMPTY_BODY = YES;
				CLANG_WARN_ENUM_CONVERSION = YES;
				CLANG_WARN_INT_CONVERSION = YES;
				CLANG_WARN_OBJC_ROOT_CLASS = YES_ERROR;
				CLANG_WARN_UNREACHABLE_CODE = YES;
				CLANG_WARN__DUPLICATE_METHOD_MATCH = YES;
				"CODE_SIGN_IDENTITY[sdk=iphoneos*]" = "iPhone Developer";
				COPY_PHASE_STRIP = NO;
				DEBUG_INFORMATION_FORMAT = dwarf;
				ENABLE_STRICT_OBJC_MSGSEND = YES;
				ENABLE_TESTABILITY = YES;
				GCC_C_LANGUAGE_STANDARD = gnu99;
				GCC_DYNAMIC_NO_PIC = NO;
				GCC_NO_COMMON_BLOCKS = YES;
				GCC_OPTIMIZATION_LEVEL = 0;
				GCC_PREPROCESSOR_DEFINITIONS = (
					"DEBUG=1",
					"$(inherited)",
				);
				GCC_WARN_64_TO_32_BIT_CONVERSION = YES;
				GCC_WARN_ABOUT_RETURN_TYPE = YES_ERROR;
				GCC_WARN_UNDECLARED_SELECTOR = YES;
				GCC_WARN_UNINITIALIZED_AUTOS = YES_AGGRESSIVE;
				GCC_WARN_UNUSED_FUNCTION = YES;
				GCC_WARN_UNUSED_VARIABLE = YES;
				IPHONEOS_DEPLOYMENT_TARGET = 9.3;
				MTL_ENABLE_DEBUG_INFO = YES;
				ONLY_ACTIVE_ARCH = YES;
				SDKROOT = iphoneos;
				SWIFT_OPTIMIZATION_LEVEL = "-Onone";
			};
			name = Debug;
		};
		BA552DB31D71EEAA000AFA32 /* Release */ = {
			isa = XCBuildConfiguration;
			buildSettings = {
				ALWAYS_SEARCH_USER_PATHS = NO;
				CLANG_ANALYZER_NONNULL = YES;
				CLANG_CXX_LANGUAGE_STANDARD = "gnu++0x";
				CLANG_CXX_LIBRARY = "libc++";
				CLANG_ENABLE_MODULES = YES;
				CLANG_ENABLE_OBJC_ARC = YES;
				CLANG_WARN_BOOL_CONVERSION = YES;
				CLANG_WARN_CONSTANT_CONVERSION = YES;
				CLANG_WARN_DIRECT_OBJC_ISA_USAGE = YES_ERROR;
				CLANG_WARN_EMPTY_BODY = YES;
				CLANG_WARN_ENUM_CONVERSION = YES;
				CLANG_WARN_INT_CONVERSION = YES;
				CLANG_WARN_OBJC_ROOT_CLASS = YES_ERROR;
				CLANG_WARN_UNREACHABLE_CODE = YES;
				CLANG_WARN__DUPLICATE_METHOD_MATCH = YES;
				"CODE_SIGN_IDENTITY[sdk=iphoneos*]" = "iPhone Developer";
				COPY_PHASE_STRIP = NO;
				DEBUG_INFORMATION_FORMAT = "dwarf-with-dsym";
				ENABLE_NS_ASSERTIONS = NO;
				ENABLE_STRICT_OBJC_MSGSEND = YES;
				GCC_C_LANGUAGE_STANDARD = gnu99;
				GCC_NO_COMMON_BLOCKS = YES;
				GCC_WARN_64_TO_32_BIT_CONVERSION = YES;
				GCC_WARN_ABOUT_RETURN_TYPE = YES_ERROR;
				GCC_WARN_UNDECLARED_SELECTOR = YES;
				GCC_WARN_UNINITIALIZED_AUTOS = YES_AGGRESSIVE;
				GCC_WARN_UNUSED_FUNCTION = YES;
				GCC_WARN_UNUSED_VARIABLE = YES;
				IPHONEOS_DEPLOYMENT_TARGET = 9.3;
				MTL_ENABLE_DEBUG_INFO = NO;
				SDKROOT = iphoneos;
				VALIDATE_PRODUCT = YES;
			};
			name = Release;
		};
		BA552DB51D71EEAA000AFA32 /* Debug */ = {
			isa = XCBuildConfiguration;
			baseConfigurationReference = E6F41E89A1E4F5C38E676823 /* Pods-Clothing-Sizes.debug.xcconfig */;
			buildSettings = {
				ASSETCATALOG_COMPILER_APPICON_NAME = AppIcon;
				INFOPLIST_FILE = "Clothing-Sizes/Info.plist";
				LD_RUNPATH_SEARCH_PATHS = "$(inherited) @executable_path/Frameworks";
				PRODUCT_BUNDLE_IDENTIFIER = "com.matthewcurtner.Clothing-Sizes";
				PRODUCT_NAME = "$(TARGET_NAME)";
			};
			name = Debug;
		};
		BA552DB61D71EEAA000AFA32 /* Release */ = {
			isa = XCBuildConfiguration;
			baseConfigurationReference = 1516287436436753D9E91EFC /* Pods-Clothing-Sizes.release.xcconfig */;
			buildSettings = {
				ASSETCATALOG_COMPILER_APPICON_NAME = AppIcon;
				INFOPLIST_FILE = "Clothing-Sizes/Info.plist";
				LD_RUNPATH_SEARCH_PATHS = "$(inherited) @executable_path/Frameworks";
				PRODUCT_BUNDLE_IDENTIFIER = "com.matthewcurtner.Clothing-Sizes";
				PRODUCT_NAME = "$(TARGET_NAME)";
			};
			name = Release;
		};
		BA552DB81D71EEAA000AFA32 /* Debug */ = {
			isa = XCBuildConfiguration;
			baseConfigurationReference = 5E1FE750213B86D94E361E62 /* Pods-Clothing-SizesTests.debug.xcconfig */;
			buildSettings = {
				BUNDLE_LOADER = "$(TEST_HOST)";
				INFOPLIST_FILE = "Clothing-SizesTests/Info.plist";
				LD_RUNPATH_SEARCH_PATHS = "$(inherited) @executable_path/Frameworks @loader_path/Frameworks";
				PRODUCT_BUNDLE_IDENTIFIER = "com.matthewcurtner.Clothing-SizesTests";
				PRODUCT_NAME = "$(TARGET_NAME)";
				TEST_HOST = "$(BUILT_PRODUCTS_DIR)/Clothing-Sizes.app/Clothing-Sizes";
			};
			name = Debug;
		};
		BA552DB91D71EEAA000AFA32 /* Release */ = {
			isa = XCBuildConfiguration;
			baseConfigurationReference = DCB923A09ADD42258BA632FB /* Pods-Clothing-SizesTests.release.xcconfig */;
			buildSettings = {
				BUNDLE_LOADER = "$(TEST_HOST)";
				INFOPLIST_FILE = "Clothing-SizesTests/Info.plist";
				LD_RUNPATH_SEARCH_PATHS = "$(inherited) @executable_path/Frameworks @loader_path/Frameworks";
				PRODUCT_BUNDLE_IDENTIFIER = "com.matthewcurtner.Clothing-SizesTests";
				PRODUCT_NAME = "$(TARGET_NAME)";
				TEST_HOST = "$(BUILT_PRODUCTS_DIR)/Clothing-Sizes.app/Clothing-Sizes";
			};
			name = Release;
		};
/* End XCBuildConfiguration section */

/* Begin XCConfigurationList section */
		BA552D921D71EEAA000AFA32 /* Build configuration list for PBXProject "Clothing-Sizes" */ = {
			isa = XCConfigurationList;
			buildConfigurations = (
				BA552DB21D71EEAA000AFA32 /* Debug */,
				BA552DB31D71EEAA000AFA32 /* Release */,
			);
			defaultConfigurationIsVisible = 0;
			defaultConfigurationName = Release;
		};
		BA552DB41D71EEAA000AFA32 /* Build configuration list for PBXNativeTarget "Clothing-Sizes" */ = {
			isa = XCConfigurationList;
			buildConfigurations = (
				BA552DB51D71EEAA000AFA32 /* Debug */,
				BA552DB61D71EEAA000AFA32 /* Release */,
			);
			defaultConfigurationIsVisible = 0;
			defaultConfigurationName = Release;
		};
		BA552DB71D71EEAA000AFA32 /* Build configuration list for PBXNativeTarget "Clothing-SizesTests" */ = {
			isa = XCConfigurationList;
			buildConfigurations = (
				BA552DB81D71EEAA000AFA32 /* Debug */,
				BA552DB91D71EEAA000AFA32 /* Release */,
			);
			defaultConfigurationIsVisible = 0;
			defaultConfigurationName = Release;
		};
/* End XCConfigurationList section */
	};
	rootObject = BA552D8F1D71EEAA000AFA32 /* Project object */;
}
