// !$*UTF8*$!
{
	archiveVersion = 1;
	classes = {
	};
	objectVersion = 46;
	objects = {

/* Begin PBXBuildFile section */
		BA552D9B1D71EEAA000AFA32 /* AppDelegate.swift in Sources */ = {isa = PBXBuildFile; fileRef = BA552D9A1D71EEAA000AFA32 /* AppDelegate.swift */; };
		BA552D9D1D71EEAA000AFA32 /* ViewController.swift in Sources */ = {isa = PBXBuildFile; fileRef = BA552D9C1D71EEAA000AFA32 /* ViewController.swift */; };
		BA552DA01D71EEAA000AFA32 /* Main.storyboard in Resources */ = {isa = PBXBuildFile; fileRef = BA552D9E1D71EEAA000AFA32 /* Main.storyboard */; };
		BA552DA21D71EEAA000AFA32 /* Assets.xcassets in Resources */ = {isa = PBXBuildFile; fileRef = BA552DA11D71EEAA000AFA32 /* Assets.xcassets */; };
		BA552DA51D71EEAA000AFA32 /* LaunchScreen.storyboard in Resources */ = {isa = PBXBuildFile; fileRef = BA552DA31D71EEAA000AFA32 /* LaunchScreen.storyboard */; };
		BA552DB01D71EEAA000AFA32 /* Clothing_SizesTests.swift in Sources */ = {isa = PBXBuildFile; fileRef = BA552DAF1D71EEAA000AFA32 /* Clothing_SizesTests.swift */; };
/* End PBXBuildFile section */

/* Begin PBXContainerItemProxy section */
		BA552DAC1D71EEAA000AFA32 /* PBXContainerItemProxy */ = {
			isa = PBXContainerItemProxy;
			containerPortal = BA552D8F1D71EEAA000AFA32 /* Project object */;
			proxyType = 1;
			remoteGlobalIDString = BA552D961D71EEAA000AFA32;
			remoteInfo = "Clothing-Sizes";
		};
/* End PBXContainerItemProxy section */

/* Begin PBXFileReference section */
		BA552D971D71EEAA000AFA32 /* Clothing-Sizes.app */ = {isa = PBXFileReference; explicitFileType = wrapper.application; includeInIndex = 0; path = "Clothing-Sizes.app"; sourceTree = BUILT_PRODUCTS_DIR; };
		BA552D9A1D71EEAA000AFA32 /* AppDelegate.swift */ = {isa = PBXFileReference; lastKnownFileType = sourcecode.swift; path = AppDelegate.swift; sourceTree = "<group>"; };
		BA552D9C1D71EEAA000AFA32 /* ViewController.swift */ = {isa = PBXFileReference; lastKnownFileType = sourcecode.swift; path = ViewController.swift; sourceTree = "<group>"; };
		BA552D9F1D71EEAA000AFA32 /* Base */ = {isa = PBXFileReference; lastKnownFileType = file.storyboard; name = Base; path = Base.lproj/Main.storyboard; sourceTree = "<group>"; };
		BA552DA11D71EEAA000AFA32 /* Assets.xcassets */ = {isa = PBXFileReference; lastKnownFileType = folder.assetcatalog; path = Assets.xcassets; sourceTree = "<group>"; };
		BA552DA41D71EEAA000AFA32 /* Base */ = {isa = PBXFileReference; lastKnownFileType = file.storyboard; name = Base; path = Base.lproj/LaunchScreen.storyboard; sourceTree = "<group>"; };
		BA552DA61D71EEAA000AFA32 /* Info.plist */ = {isa = PBXFileReference; lastKnownFileType = text.plist.xml; path = Info.plist; sourceTree = "<group>"; };
		BA552DAB1D71EEAA000AFA32 /* Clothing-SizesTests.xctest */ = {isa = PBXFileReference; explicitFileType = wrapper.cfbundle; includeInIndex = 0; path = "Clothing-SizesTests.xctest"; sourceTree = BUILT_PRODUCTS_DIR; };
		BA552DAF1D71EEAA000AFA32 /* Clothing_SizesTests.swift */ = {isa = PBXFileReference; lastKnownFileType = sourcecode.swift; path = Clothing_SizesTests.swift; sourceTree = "<group>"; };
		BA552DB11D71EEAA000AFA32 /* Info.plist */ = {isa = PBXFileReference; lastKnownFileType = text.plist.xml; path = Info.plist; sourceTree = "<group>"; };
/* End PBXFileReference section */

/* Begin PBXFrameworksBuildPhase section */
		BA552D941D71EEAA000AFA32 /* Frameworks */ = {
			isa = PBXFrameworksBuildPhase;
			buildActionMask = 2147483647;
			files = (
			);
			runOnlyForDeploymentPostprocessing = 0;
		};
		BA552DA81D71EEAA000AFA32 /* Frameworks */ = {
			isa = PBXFrameworksBuildPhase;
			buildActionMask = 2147483647;
			files = (
			);
			runOnlyForDeploymentPostprocessing = 0;
		};
/* End PBXFrameworksBuildPhase section */

/* Begin PBXGroup section */
		BA552D8E1D71EEAA000AFA32 = {
			isa = PBXGroup;
			children = (
				BA552D991D71EEAA000AFA32 /* Clothing-Sizes */,
				BA552DAE1D71EEAA000AFA32 /* Clothing-SizesTests */,
				BA552D981D71EEAA000AFA32 /* Products */,
			);
			sourceTree = "<group>";
		};
		BA552D981D71EEAA000AFA32 /* Products */ = {
			isa = PBXGroup;
			children = (
				BA552D971D71EEAA000AFA32 /* Clothing-Sizes.app */,
				BA552DAB1D71EEAA000AFA32 /* Clothing-SizesTests.xctest */,
			);
			name = Products;
			sourceTree = "<group>";
		};
		BA552D991D71EEAA000AFA32 /* Clothing-Sizes */ = {
			isa = PBXGroup;
			children = (
				BA552D9A1D71EEAA000AFA32 /* AppDelegate.swift */,
				BA552D9C1D71EEAA000AFA32 /* ViewController.swift */,
				BA552D9E1D71EEAA000AFA32 /* Main.storyboard */,
				BA552DA11D71EEAA000AFA32 /* Assets.xcassets */,
				BA552DA31D71EEAA000AFA32 /* LaunchScreen.storyboard */,
				BA552DA61D71EEAA000AFA32 /* Info.plist */,
			);
			path = "Clothing-Sizes";
			sourceTree = "<group>";
		};
		BA552DAE1D71EEAA000AFA32 /* Clothing-SizesTests */ = {
			isa = PBXGroup;
			children = (
				BA552DAF1D71EEAA000AFA32 /* Clothing_SizesTests.swift */,
				BA552DB11D71EEAA000AFA32 /* Info.plist */,
			);
			path = "Clothing-SizesTests";
			sourceTree = "<group>";
		};
/* End PBXGroup section */

/* Begin PBXNativeTarget section */
		BA552D961D71EEAA000AFA32 /* Clothing-Sizes */ = {
			isa = PBXNativeTarget;
			buildConfigurationList = BA552DB41D71EEAA000AFA32 /* Build configuration list for PBXNativeTarget "Clothing-Sizes" */;
			buildPhases = (
				BA552D931D71EEAA000AFA32 /* Sources */,
				BA552D941D71EEAA000AFA32 /* Frameworks */,
				BA552D951D71EEAA000AFA32 /* Resources */,
			);
			buildRules = (
			);
			dependencies = (
			);
			name = "Clothing-Sizes";
			productName = "Clothing-Sizes";
			productReference = BA552D971D71EEAA000AFA32 /* Clothing-Sizes.app */;
			productType = "com.apple.product-type.application";
		};
		BA552DAA1D71EEAA000AFA32 /* Clothing-SizesTests */ = {
			isa = PBXNativeTarget;
			buildConfigurationList = BA552DB71D71EEAA000AFA32 /* Build configuration list for PBXNativeTarget "Clothing-SizesTests" */;
			buildPhases = (
				BA552DA71D71EEAA000AFA32 /* Sources */,
				BA552DA81D71EEAA000AFA32 /* Frameworks */,
				BA552DA91D71EEAA000AFA32 /* Resources */,
			);
			buildRules = (
			);
			dependencies = (
				BA552DAD1D71EEAA000AFA32 /* PBXTargetDependency */,
			);
			name = "Clothing-SizesTests";
			productName = "Clothing-SizesTests";
			productReference = BA552DAB1D71EEAA000AFA32 /* Clothing-SizesTests.xctest */;
			productType = "com.apple.product-type.bundle.unit-test";
		};
/* End PBXNativeTarget section */

/* Begin PBXProject section */
		BA552D8F1D71EEAA000AFA32 /* Project object */ = {
			isa = PBXProject;
			attributes = {
				LastSwiftUpdateCheck = 0730;
				LastUpgradeCheck = 0730;
				ORGANIZATIONNAME = "Matthew Curtner";
				TargetAttributes = {
					BA552D961D71EEAA000AFA32 = {
						CreatedOnToolsVersion = 7.3.1;
					};
					BA552DAA1D71EEAA000AFA32 = {
						CreatedOnToolsVersion = 7.3.1;
						TestTargetID = BA552D961D71EEAA000AFA32;
					};
				};
			};
			buildConfigurationList = BA552D921D71EEAA000AFA32 /* Build configuration list for PBXProject "Clothing-Sizes" */;
			compatibilityVersion = "Xcode 3.2";
			developmentRegion = English;
			hasScannedForEncodings = 0;
			knownRegions = (
				en,
				Base,
			);
			mainGroup = BA552D8E1D71EEAA000AFA32;
			productRefGroup = BA552D981D71EEAA000AFA32 /* Products */;
			projectDirPath = "";
			projectRoot = "";
			targets = (
				BA552D961D71EEAA000AFA32 /* Clothing-Sizes */,
				BA552DAA1D71EEAA000AFA32 /* Clothing-SizesTests */,
			);
		};
/* End PBXProject section */

/* Begin PBXResourcesBuildPhase section */
		BA552D951D71EEAA000AFA32 /* Resources */ = {
			isa = PBXResourcesBuildPhase;
			buildActionMask = 2147483647;
			files = (
				BA552DA51D71EEAA000AFA32 /* LaunchScreen.storyboard in Resources */,
				BA552DA21D71EEAA000AFA32 /* Assets.xcassets in Resources */,
				BA552DA01D71EEAA000AFA32 /* Main.storyboard in Resources */,
			);
			runOnlyForDeploymentPostprocessing = 0;
		};
		BA552DA91D71EEAA000AFA32 /* Resources */ = {
			isa = PBXResourcesBuildPhase;
			buildActionMask = 2147483647;
			files = (
			);
			runOnlyForDeploymentPostprocessing = 0;
		};
/* End PBXResourcesBuildPhase section */

/* Begin PBXSourcesBuildPhase section */
		BA552D931D71EEAA000AFA32 /* Sources */ = {
			isa = PBXSourcesBuildPhase;
			buildActionMask = 2147483647;
			files = (
				BA552D9D1D71EEAA000AFA32 /* ViewController.swift in Sources */,
				BA552D9B1D71EEAA000AFA32 /* AppDelegate.swift in Sources */,
			);
			runOnlyForDeploymentPostprocessing = 0;
		};
		BA552DA71D71EEAA000AFA32 /* Sources */ = {
			isa = PBXSourcesBuildPhase;
			buildActionMask = 2147483647;
			files = (
				BA552DB01D71EEAA000AFA32 /* Clothing_SizesTests.swift in Sources */,
			);
			runOnlyForDeploymentPostprocessing = 0;
		};
/* End PBXSourcesBuildPhase section */

/* Begin PBXTargetDependency section */
		BA552DAD1D71EEAA000AFA32 /* PBXTargetDependency */ = {
			isa = PBXTargetDependency;
			target = BA552D961D71EEAA000AFA32 /* Clothing-Sizes */;
			targetProxy = BA552DAC1D71EEAA000AFA32 /* PBXContainerItemProxy */;
		};
/* End PBXTargetDependency section */

/* Begin PBXVariantGroup section */
		BA552D9E1D71EEAA000AFA32 /* Main.storyboard */ = {
			isa = PBXVariantGroup;
			children = (
				BA552D9F1D71EEAA000AFA32 /* Base */,
			);
			name = Main.storyboard;
			sourceTree = "<group>";
		};
		BA552DA31D71EEAA000AFA32 /* LaunchScreen.storyboard */ = {
			isa = PBXVariantGroup;
			children = (
				BA552DA41D71EEAA000AFA32 /* Base */,
			);
			name = LaunchScreen.storyboard;
			sourceTree = "<group>";
		};
/* End PBXVariantGroup section */

/* Begin XCBuildConfiguration section */
		BA552DB21D71EEAA000AFA32 /* Debug */ = {
			isa = XCBuildConfiguration;
			buildSettings = {
				ALWAYS_SEARCH_USER_PATHS = NO;
				CLANG_ANALYZER_NONNULL = YES;
				CLANG_CXX_LANGUAGE_STANDARD = "gnu++0x";
				CLANG_CXX_LIBRARY = "libc++";
				CLANG_ENABLE_MODULES = YES;
				CLANG_ENABLE_OBJC_ARC = YES;
				CLANG_WARN_BOOL_CONVERSION = YES;
				CLANG_WARN_CONSTANT_CONVERSION = YES;
				CLANG_WARN_DIRECT_OBJC_ISA_USAGE = YES_ERROR;
				CLANG_WARN_EMPTY_BODY = YES;
				CLANG_WARN_ENUM_CONVERSION = YES;
				CLANG_WARN_INT_CONVERSION = YES;
				CLANG_WARN_OBJC_ROOT_CLASS = YES_ERROR;
				CLANG_WARN_UNREACHABLE_CODE = YES;
				CLANG_WARN__DUPLICATE_METHOD_MATCH = YES;
				"CODE_SIGN_IDENTITY[sdk=iphoneos*]" = "iPhone Developer";
				COPY_PHASE_STRIP = NO;
				DEBUG_INFORMATION_FORMAT = dwarf;
				ENABLE_STRICT_OBJC_MSGSEND = YES;
				ENABLE_TESTABILITY = YES;
				GCC_C_LANGUAGE_STANDARD = gnu99;
				GCC_DYNAMIC_NO_PIC = NO;
				GCC_NO_COMMON_BLOCKS = YES;
				GCC_OPTIMIZATION_LEVEL = 0;
				GCC_PREPROCESSOR_DEFINITIONS = (
					"DEBUG=1",
					"$(inherited)",
				);
				GCC_WARN_64_TO_32_BIT_CONVERSION = YES;
				GCC_WARN_ABOUT_RETURN_TYPE = YES_ERROR;
				GCC_WARN_UNDECLARED_SELECTOR = YES;
				GCC_WARN_UNINITIALIZED_AUTOS = YES_AGGRESSIVE;
				GCC_WARN_UNUSED_FUNCTION = YES;
				GCC_WARN_UNUSED_VARIABLE = YES;
				IPHONEOS_DEPLOYMENT_TARGET = 9.3;
				MTL_ENABLE_DEBUG_INFO = YES;
				ONLY_ACTIVE_ARCH = YES;
				SDKROOT = iphoneos;
				SWIFT_OPTIMIZATION_LEVEL = "-Onone";
			};
			name = Debug;
		};
		BA552DB31D71EEAA000AFA32 /* Release */ = {
			isa = XCBuildConfiguration;
			buildSettings = {
				ALWAYS_SEARCH_USER_PATHS = NO;
				CLANG_ANALYZER_NONNULL = YES;
				CLANG_CXX_LANGUAGE_STANDARD = "gnu++0x";
				CLANG_CXX_LIBRARY = "libc++";
				CLANG_ENABLE_MODULES = YES;
				CLANG_ENABLE_OBJC_ARC = YES;
				CLANG_WARN_BOOL_CONVERSION = YES;
				CLANG_WARN_CONSTANT_CONVERSION = YES;
				CLANG_WARN_DIRECT_OBJC_ISA_USAGE = YES_ERROR;
				CLANG_WARN_EMPTY_BODY = YES;
				CLANG_WARN_ENUM_CONVERSION = YES;
				CLANG_WARN_INT_CONVERSION = YES;
				CLANG_WARN_OBJC_ROOT_CLASS = YES_ERROR;
				CLANG_WARN_UNREACHABLE_CODE = YES;
				CLANG_WARN__DUPLICATE_METHOD_MATCH = YES;
				"CODE_SIGN_IDENTITY[sdk=iphoneos*]" = "iPhone Developer";
				COPY_PHASE_STRIP = NO;
				DEBUG_INFORMATION_FORMAT = "dwarf-with-dsym";
				ENABLE_NS_ASSERTIONS = NO;
				ENABLE_STRICT_OBJC_MSGSEND = YES;
				GCC_C_LANGUAGE_STANDARD = gnu99;
				GCC_NO_COMMON_BLOCKS = YES;
				GCC_WARN_64_TO_32_BIT_CONVERSION = YES;
				GCC_WARN_ABOUT_RETURN_TYPE = YES_ERROR;
				GCC_WARN_UNDECLARED_SELECTOR = YES;
				GCC_WARN_UNINITIALIZED_AUTOS = YES_AGGRESSIVE;
				GCC_WARN_UNUSED_FUNCTION = YES;
				GCC_WARN_UNUSED_VARIABLE = YES;
				IPHONEOS_DEPLOYMENT_TARGET = 9.3;
				MTL_ENABLE_DEBUG_INFO = NO;
				SDKROOT = iphoneos;
				VALIDATE_PRODUCT = YES;
			};
			name = Release;
		};
		BA552DB51D71EEAA000AFA32 /* Debug */ = {
			isa = XCBuildConfiguration;
			buildSettings = {
				ASSETCATALOG_COMPILER_APPICON_NAME = AppIcon;
				INFOPLIST_FILE = "Clothing-Sizes/Info.plist";
				LD_RUNPATH_SEARCH_PATHS = "$(inherited) @executable_path/Frameworks";
				PRODUCT_BUNDLE_IDENTIFIER = "com.matthewcurtner.Clothing-Sizes";
				PRODUCT_NAME = "$(TARGET_NAME)";
			};
			name = Debug;
		};
		BA552DB61D71EEAA000AFA32 /* Release */ = {
			isa = XCBuildConfiguration;
			buildSettings = {
				ASSETCATALOG_COMPILER_APPICON_NAME = AppIcon;
				INFOPLIST_FILE = "Clothing-Sizes/Info.plist";
				LD_RUNPATH_SEARCH_PATHS = "$(inherited) @executable_path/Frameworks";
				PRODUCT_BUNDLE_IDENTIFIER = "com.matthewcurtner.Clothing-Sizes";
				PRODUCT_NAME = "$(TARGET_NAME)";
			};
			name = Release;
		};
		BA552DB81D71EEAA000AFA32 /* Debug */ = {
			isa = XCBuildConfiguration;
			buildSettings = {
				BUNDLE_LOADER = "$(TEST_HOST)";
				INFOPLIST_FILE = "Clothing-SizesTests/Info.plist";
				LD_RUNPATH_SEARCH_PATHS = "$(inherited) @executable_path/Frameworks @loader_path/Frameworks";
				PRODUCT_BUNDLE_IDENTIFIER = "com.matthewcurtner.Clothing-SizesTests";
				PRODUCT_NAME = "$(TARGET_NAME)";
				TEST_HOST = "$(BUILT_PRODUCTS_DIR)/Clothing-Sizes.app/Clothing-Sizes";
			};
			name = Debug;
		};
		BA552DB91D71EEAA000AFA32 /* Release */ = {
			isa = XCBuildConfiguration;
			buildSettings = {
				BUNDLE_LOADER = "$(TEST_HOST)";
				INFOPLIST_FILE = "Clothing-SizesTests/Info.plist";
				LD_RUNPATH_SEARCH_PATHS = "$(inherited) @executable_path/Frameworks @loader_path/Frameworks";
				PRODUCT_BUNDLE_IDENTIFIER = "com.matthewcurtner.Clothing-SizesTests";
				PRODUCT_NAME = "$(TARGET_NAME)";
				TEST_HOST = "$(BUILT_PRODUCTS_DIR)/Clothing-Sizes.app/Clothing-Sizes";
			};
			name = Release;
		};
/* End XCBuildConfiguration section */

/* Begin XCConfigurationList section */
		BA552D921D71EEAA000AFA32 /* Build configuration list for PBXProject "Clothing-Sizes" */ = {
			isa = XCConfigurationList;
			buildConfigurations = (
				BA552DB21D71EEAA000AFA32 /* Debug */,
				BA552DB31D71EEAA000AFA32 /* Release */,
			);
			defaultConfigurationIsVisible = 0;
			defaultConfigurationName = Release;
		};
		BA552DB41D71EEAA000AFA32 /* Build configuration list for PBXNativeTarget "Clothing-Sizes" */ = {
			isa = XCConfigurationList;
			buildConfigurations = (
				BA552DB51D71EEAA000AFA32 /* Debug */,
				BA552DB61D71EEAA000AFA32 /* Release */,
			);
			defaultConfigurationIsVisible = 0;
		};
		BA552DB71D71EEAA000AFA32 /* Build configuration list for PBXNativeTarget "Clothing-SizesTests" */ = {
			isa = XCConfigurationList;
			buildConfigurations = (
				BA552DB81D71EEAA000AFA32 /* Debug */,
				BA552DB91D71EEAA000AFA32 /* Release */,
			);
			defaultConfigurationIsVisible = 0;
		};
/* End XCConfigurationList section */
	};
	rootObject = BA552D8F1D71EEAA000AFA32 /* Project object */;
}
